
Microsoft Visual Studio Solution File, Format Version 12.00
# Visual Studio Version 16
VisualStudioVersion = 16.0.30204.135
MinimumVisualStudioVersion = 10.0.40219.1
Project("{FAE04EC0-301F-11D3-BF4B-00C04F79EFBC}") = "GarbareCollectorpractice", "GarbareCollectorpractice\GarbareCollectorpractice.csproj", "{2599F09A-2422-44F4-A307-71767AA5EFA9}"
EndProject
Global
	GlobalSection(SolutionConfigurationPlatforms) = preSolution
		Debug|Any CPU = Debug|Any CPU
		Release|Any CPU = Release|Any CPU
	EndGlobalSection
	GlobalSection(ProjectConfigurationPlatforms) = postSolution
		{2599F09A-2422-44F4-A307-71767AA5EFA9}.Debug|Any CPU.ActiveCfg = Debug|Any CPU
		{2599F09A-2422-44F4-A307-71767AA5EFA9}.Debug|Any CPU.Build.0 = Debug|Any CPU
		{2599F09A-2422-44F4-A307-71767AA5EFA9}.Release|Any CPU.ActiveCfg = Release|Any CPU
		{2599F09A-2422-44F4-A307-71767AA5EFA9}.Release|Any CPU.Build.0 = Release|Any CPU
	EndGlobalSection
	GlobalSection(SolutionProperties) = preSolution
		HideSolutionNode = FALSE
	EndGlobalSection
	GlobalSection(ExtensibilityGlobals) = postSolution
		SolutionGuid = {E32300EE-49A9-4241-A32D-6A5C8C863906}
	EndGlobalSection
EndGlobal
